
Microsoft Visual Studio Solution File, Format Version 12.00
# Visual Studio Version 17
VisualStudioVersion = 17.0.32112.339
MinimumVisualStudioVersion = 10.0.40219.1
Project("{9A19103F-16F7-4668-BE54-9A1E7A4F7556}") = "lab 2.1", "lab 2.1\lab 2.1.csproj", "{CE7A0D13-5669-4F59-A0FA-931CE7C98010}"
EndProject
Project("{9A19103F-16F7-4668-BE54-9A1E7A4F7556}") = "lab 2.2", "lab 2.2\lab 2.2.csproj", "{DE42510C-3236-4C43-990A-526BDA16B36B}"
EndProject
Project("{9A19103F-16F7-4668-BE54-9A1E7A4F7556}") = "lab 2.4", "lab 2.4\lab 2.4.csproj", "{2211CD43-D53B-4207-9373-49222B97EFCF}"
EndProject
Project("{9A19103F-16F7-4668-BE54-9A1E7A4F7556}") = "lab 2.3", "lab 2.3\lab 2.3.csproj", "{6D70ACC8-9726-4375-B33E-EB8F78982DC2}"
EndProject
Project("{FAE04EC0-301F-11D3-BF4B-00C04F79EFBC}") = "lab 2.5", "lab 2.5\lab 2.5.csproj", "{E69AFEFF-174C-4818-9CDD-83D3CC339EC0}"
EndProject
Global
	GlobalSection(SolutionConfigurationPlatforms) = preSolution
		Debug|Any CPU = Debug|Any CPU
		Release|Any CPU = Release|Any CPU
	EndGlobalSection
	GlobalSection(ProjectConfigurationPlatforms) = postSolution
		{CE7A0D13-5669-4F59-A0FA-931CE7C98010}.Debug|Any CPU.ActiveCfg = Debug|Any CPU
		{CE7A0D13-5669-4F59-A0FA-931CE7C98010}.Debug|Any CPU.Build.0 = Debug|Any CPU
		{CE7A0D13-5669-4F59-A0FA-931CE7C98010}.Release|Any CPU.ActiveCfg = Release|Any CPU
		{CE7A0D13-5669-4F59-A0FA-931CE7C98010}.Release|Any CPU.Build.0 = Release|Any CPU
		{DE42510C-3236-4C43-990A-526BDA16B36B}.Debug|Any CPU.ActiveCfg = Debug|Any CPU
		{DE42510C-3236-4C43-990A-526BDA16B36B}.Debug|Any CPU.Build.0 = Debug|Any CPU
		{DE42510C-3236-4C43-990A-526BDA16B36B}.Release|Any CPU.ActiveCfg = Release|Any CPU
		{DE42510C-3236-4C43-990A-526BDA16B36B}.Release|Any CPU.Build.0 = Release|Any CPU
		{2211CD43-D53B-4207-9373-49222B97EFCF}.Debug|Any CPU.ActiveCfg = Debug|Any CPU
		{2211CD43-D53B-4207-9373-49222B97EFCF}.Debug|Any CPU.Build.0 = Debug|Any CPU
		{2211CD43-D53B-4207-9373-49222B97EFCF}.Release|Any CPU.ActiveCfg = Release|Any CPU
		{2211CD43-D53B-4207-9373-49222B97EFCF}.Release|Any CPU.Build.0 = Release|Any CPU
		{6D70ACC8-9726-4375-B33E-EB8F78982DC2}.Debug|Any CPU.ActiveCfg = Debug|Any CPU
		{6D70ACC8-9726-4375-B33E-EB8F78982DC2}.Debug|Any CPU.Build.0 = Debug|Any CPU
		{6D70ACC8-9726-4375-B33E-EB8F78982DC2}.Release|Any CPU.ActiveCfg = Release|Any CPU
		{6D70ACC8-9726-4375-B33E-EB8F78982DC2}.Release|Any CPU.Build.0 = Release|Any CPU
		{E69AFEFF-174C-4818-9CDD-83D3CC339EC0}.Debug|Any CPU.ActiveCfg = Debug|Any CPU
		{E69AFEFF-174C-4818-9CDD-83D3CC339EC0}.Debug|Any CPU.Build.0 = Debug|Any CPU
		{E69AFEFF-174C-4818-9CDD-83D3CC339EC0}.Release|Any CPU.ActiveCfg = Release|Any CPU
		{E69AFEFF-174C-4818-9CDD-83D3CC339EC0}.Release|Any CPU.Build.0 = Release|Any CPU
	EndGlobalSection
	GlobalSection(SolutionProperties) = preSolution
		HideSolutionNode = FALSE
	EndGlobalSection
	GlobalSection(ExtensibilityGlobals) = postSolution
		SolutionGuid = {958B629E-0EC0-4269-B848-49FEEA4CD5C3}
	EndGlobalSection
EndGlobal
